
Microsoft Visual Studio Solution File, Format Version 12.00
Project("{FAE04EC0-301F-11D3-BF4B-00C04F79EFBC}") = "Transaction.Api", "Transaction.Api\Transaction.Api.csproj", "{960AF797-9424-46BE-A819-2522B73B8573}"
EndProject
Project("{FAE04EC0-301F-11D3-BF4B-00C04F79EFBC}") = "Customer.Api", "Customer.Api\Customer.Api.csproj", "{099B50CC-F168-4E39-9F19-68FC1DF940F0}"
EndProject
Project("{FAE04EC0-301F-11D3-BF4B-00C04F79EFBC}") = "Account.Api", "Account.Api\Account.Api.csproj", "{29285D5C-7803-4FC6-B327-09309B0C5D4C}"
EndProject
Project("{FAE04EC0-301F-11D3-BF4B-00C04F79EFBC}") = "Identity.Api", "Identity.Api\Identity.Api.csproj", "{EFD9FDD8-7D04-48CC-A09D-9CD07487B25E}"
EndProject
Project("{FAE04EC0-301F-11D3-BF4B-00C04F79EFBC}") = "Gateway.Api", "Gateway.Api\Gateway.Api.csproj", "{4311D060-C331-4B65-B9CB-8D86C766B0C3}"
EndProject
Project("{FAE04EC0-301F-11D3-BF4B-00C04F79EFBC}") = "Transaction.Api.Test", "Transaction.Api.Test\Transaction.Api.Test.csproj", "{7898199D-25DC-4FBE-A7A6-C374DBD1C289}"
EndProject
Global
	GlobalSection(SolutionConfigurationPlatforms) = preSolution
		Debug|Any CPU = Debug|Any CPU
		Release|Any CPU = Release|Any CPU
	EndGlobalSection
	GlobalSection(ProjectConfigurationPlatforms) = postSolution
		{960AF797-9424-46BE-A819-2522B73B8573}.Debug|Any CPU.ActiveCfg = Debug|Any CPU
		{960AF797-9424-46BE-A819-2522B73B8573}.Debug|Any CPU.Build.0 = Debug|Any CPU
		{960AF797-9424-46BE-A819-2522B73B8573}.Release|Any CPU.ActiveCfg = Release|Any CPU
		{960AF797-9424-46BE-A819-2522B73B8573}.Release|Any CPU.Build.0 = Release|Any CPU
		{099B50CC-F168-4E39-9F19-68FC1DF940F0}.Debug|Any CPU.ActiveCfg = Debug|Any CPU
		{099B50CC-F168-4E39-9F19-68FC1DF940F0}.Debug|Any CPU.Build.0 = Debug|Any CPU
		{099B50CC-F168-4E39-9F19-68FC1DF940F0}.Release|Any CPU.ActiveCfg = Release|Any CPU
		{099B50CC-F168-4E39-9F19-68FC1DF940F0}.Release|Any CPU.Build.0 = Release|Any CPU
		{29285D5C-7803-4FC6-B327-09309B0C5D4C}.Debug|Any CPU.ActiveCfg = Debug|Any CPU
		{29285D5C-7803-4FC6-B327-09309B0C5D4C}.Debug|Any CPU.Build.0 = Debug|Any CPU
		{29285D5C-7803-4FC6-B327-09309B0C5D4C}.Release|Any CPU.ActiveCfg = Release|Any CPU
		{29285D5C-7803-4FC6-B327-09309B0C5D4C}.Release|Any CPU.Build.0 = Release|Any CPU
		{EFD9FDD8-7D04-48CC-A09D-9CD07487B25E}.Debug|Any CPU.ActiveCfg = Debug|Any CPU
		{EFD9FDD8-7D04-48CC-A09D-9CD07487B25E}.Debug|Any CPU.Build.0 = Debug|Any CPU
		{EFD9FDD8-7D04-48CC-A09D-9CD07487B25E}.Release|Any CPU.ActiveCfg = Release|Any CPU
		{EFD9FDD8-7D04-48CC-A09D-9CD07487B25E}.Release|Any CPU.Build.0 = Release|Any CPU
		{4311D060-C331-4B65-B9CB-8D86C766B0C3}.Debug|Any CPU.ActiveCfg = Debug|Any CPU
		{4311D060-C331-4B65-B9CB-8D86C766B0C3}.Debug|Any CPU.Build.0 = Debug|Any CPU
		{4311D060-C331-4B65-B9CB-8D86C766B0C3}.Release|Any CPU.ActiveCfg = Release|Any CPU
		{4311D060-C331-4B65-B9CB-8D86C766B0C3}.Release|Any CPU.Build.0 = Release|Any CPU
		{7898199D-25DC-4FBE-A7A6-C374DBD1C289}.Debug|Any CPU.ActiveCfg = Debug|Any CPU
		{7898199D-25DC-4FBE-A7A6-C374DBD1C289}.Debug|Any CPU.Build.0 = Debug|Any CPU
		{7898199D-25DC-4FBE-A7A6-C374DBD1C289}.Release|Any CPU.ActiveCfg = Release|Any CPU
		{7898199D-25DC-4FBE-A7A6-C374DBD1C289}.Release|Any CPU.Build.0 = Release|Any CPU
	EndGlobalSection
EndGlobal
